
Microsoft Visual Studio Solution File, Format Version 12.00
# Visual Studio Version 17
VisualStudioVersion = 17.2.32630.192
MinimumVisualStudioVersion = 10.0.40219.1
Project("{9A19103F-16F7-4668-BE54-9A1E7A4F7556}") = "ButtonForOpenClose", "ButtonForOpenClose\ButtonForOpenClose.csproj", "{D4F0D77C-F676-4ED0-9D1E-28F5575B9728}"
EndProject
Project("{FAE04EC0-301F-11D3-BF4B-00C04F79EFBC}") = "ButtonForOpenClose_Test", "ButtonForOpenClose_Test\ButtonForOpenClose_Test.csproj", "{6C6C7820-FE22-4E2E-A4B0-B2CCD431FBF4}"
EndProject
Global
	GlobalSection(SolutionConfigurationPlatforms) = preSolution
		Debug|Any CPU = Debug|Any CPU
		Release|Any CPU = Release|Any CPU
	EndGlobalSection
	GlobalSection(ProjectConfigurationPlatforms) = postSolution
		{D4F0D77C-F676-4ED0-9D1E-28F5575B9728}.Debug|Any CPU.ActiveCfg = Debug|Any CPU
		{D4F0D77C-F676-4ED0-9D1E-28F5575B9728}.Debug|Any CPU.Build.0 = Debug|Any CPU
		{D4F0D77C-F676-4ED0-9D1E-28F5575B9728}.Release|Any CPU.ActiveCfg = Release|Any CPU
		{D4F0D77C-F676-4ED0-9D1E-28F5575B9728}.Release|Any CPU.Build.0 = Release|Any CPU
		{6C6C7820-FE22-4E2E-A4B0-B2CCD431FBF4}.Debug|Any CPU.ActiveCfg = Debug|Any CPU
		{6C6C7820-FE22-4E2E-A4B0-B2CCD431FBF4}.Debug|Any CPU.Build.0 = Debug|Any CPU
		{6C6C7820-FE22-4E2E-A4B0-B2CCD431FBF4}.Release|Any CPU.ActiveCfg = Release|Any CPU
		{6C6C7820-FE22-4E2E-A4B0-B2CCD431FBF4}.Release|Any CPU.Build.0 = Release|Any CPU
	EndGlobalSection
	GlobalSection(SolutionProperties) = preSolution
		HideSolutionNode = FALSE
	EndGlobalSection
	GlobalSection(ExtensibilityGlobals) = postSolution
		SolutionGuid = {02E160B8-3913-4B96-8B61-D876CEEB51E3}
	EndGlobalSection
EndGlobal
